
Microsoft Visual Studio Solution File, Format Version 12.00
# Visual Studio Version 16
VisualStudioVersion = 16.0.29509.3
MinimumVisualStudioVersion = 10.0.40219.1
Project("{FAE04EC0-301F-11D3-BF4B-00C04F79EFBC}") = "CoreProject", "CoreProject\CoreProject.csproj", "{7E8E696A-E999-439C-88E4-B2F93D1B7547}"
EndProject
Global
	GlobalSection(SolutionConfigurationPlatforms) = preSolution
		Debug|Any CPU = Debug|Any CPU
		Release|Any CPU = Release|Any CPU
	EndGlobalSection
	GlobalSection(ProjectConfigurationPlatforms) = postSolution
		{7E8E696A-E999-439C-88E4-B2F93D1B7547}.Debug|Any CPU.ActiveCfg = Debug|Any CPU
		{7E8E696A-E999-439C-88E4-B2F93D1B7547}.Debug|Any CPU.Build.0 = Debug|Any CPU
		{7E8E696A-E999-439C-88E4-B2F93D1B7547}.Release|Any CPU.ActiveCfg = Release|Any CPU
		{7E8E696A-E999-439C-88E4-B2F93D1B7547}.Release|Any CPU.Build.0 = Release|Any CPU
	EndGlobalSection
	GlobalSection(SolutionProperties) = preSolution
		HideSolutionNode = FALSE
	EndGlobalSection
	GlobalSection(ExtensibilityGlobals) = postSolution
		SolutionGuid = {CD6C205A-9126-444D-A8AF-4227F77A8CF7}
	EndGlobalSection
EndGlobal
